
Microsoft Visual Studio Solution File, Format Version 12.00
# Visual Studio Version 16
VisualStudioVersion = 16.0.31105.61
MinimumVisualStudioVersion = 10.0.40219.1
Project("{FAE04EC0-301F-11D3-BF4B-00C04F79EFBC}") = "Task", "Task\Task.csproj", "{8B3247C7-9B20-4B09-B1B1-A8F604659AAB}"
EndProject
Global
	GlobalSection(SolutionConfigurationPlatforms) = preSolution
		Debug|Any CPU = Debug|Any CPU
		Release|Any CPU = Release|Any CPU
	EndGlobalSection
	GlobalSection(ProjectConfigurationPlatforms) = postSolution
		{8B3247C7-9B20-4B09-B1B1-A8F604659AAB}.Debug|Any CPU.ActiveCfg = Debug|Any CPU
		{8B3247C7-9B20-4B09-B1B1-A8F604659AAB}.Debug|Any CPU.Build.0 = Debug|Any CPU
		{8B3247C7-9B20-4B09-B1B1-A8F604659AAB}.Release|Any CPU.ActiveCfg = Release|Any CPU
		{8B3247C7-9B20-4B09-B1B1-A8F604659AAB}.Release|Any CPU.Build.0 = Release|Any CPU
	EndGlobalSection
	GlobalSection(SolutionProperties) = preSolution
		HideSolutionNode = FALSE
	EndGlobalSection
	GlobalSection(ExtensibilityGlobals) = postSolution
		SolutionGuid = {C05AA77C-0882-45CA-8B6C-8EE91CEFFC43}
	EndGlobalSection
EndGlobal
